// !$*UTF8*$!
{
	archiveVersion = 1;
	classes = {
	};
	objectVersion = 50;
	objects = {

/* Begin PBXBuildFile section */
		699F489B22169E4C0005D41F /* demo.gif in Resources */ = {isa = PBXBuildFile; fileRef = 699F489A22169E4C0005D41F /* demo.gif */; };
		69F0410321FAAAE600ED2058 /* AppDelegate.swift in Sources */ = {isa = PBXBuildFile; fileRef = 69F0410221FAAAE600ED2058 /* AppDelegate.swift */; };
		69F0410821FAAAE600ED2058 /* Main.storyboard in Resources */ = {isa = PBXBuildFile; fileRef = 69F0410621FAAAE600ED2058 /* Main.storyboard */; };
		69F0410A21FAAAE700ED2058 /* Assets.xcassets in Resources */ = {isa = PBXBuildFile; fileRef = 69F0410921FAAAE700ED2058 /* Assets.xcassets */; };
		69F0410D21FAAAE700ED2058 /* LaunchScreen.storyboard in Resources */ = {isa = PBXBuildFile; fileRef = 69F0410B21FAAAE700ED2058 /* LaunchScreen.storyboard */; };
		69F0411521FAAB4000ED2058 /* ViewController.swift in Sources */ = {isa = PBXBuildFile; fileRef = 69F0411421FAAB4000ED2058 /* ViewController.swift */; };
/* End PBXBuildFile section */

/* Begin PBXFileReference section */
		699F489A22169E4C0005D41F /* demo.gif */ = {isa = PBXFileReference; lastKnownFileType = image.gif; path = demo.gif; sourceTree = "<group>"; };
		69F040FF21FAAAE600ED2058 /* TabBarAutoHideShow.app */ = {isa = PBXFileReference; explicitFileType = wrapper.application; includeInIndex = 0; path = TabBarAutoHideShow.app; sourceTree = BUILT_PRODUCTS_DIR; };
		69F0410221FAAAE600ED2058 /* AppDelegate.swift */ = {isa = PBXFileReference; lastKnownFileType = sourcecode.swift; path = AppDelegate.swift; sourceTree = "<group>"; };
		69F0410721FAAAE600ED2058 /* Base */ = {isa = PBXFileReference; lastKnownFileType = file.storyboard; name = Base; path = Base.lproj/Main.storyboard; sourceTree = "<group>"; };
		69F0410921FAAAE700ED2058 /* Assets.xcassets */ = {isa = PBXFileReference; lastKnownFileType = folder.assetcatalog; path = Assets.xcassets; sourceTree = "<group>"; };
		69F0410C21FAAAE700ED2058 /* Base */ = {isa = PBXFileReference; lastKnownFileType = file.storyboard; name = Base; path = Base.lproj/LaunchScreen.storyboard; sourceTree = "<group>"; };
		69F0410E21FAAAE700ED2058 /* Info.plist */ = {isa = PBXFileReference; lastKnownFileType = text.plist.xml; path = Info.plist; sourceTree = "<group>"; };
		69F0411421FAAB4000ED2058 /* ViewController.swift */ = {isa = PBXFileReference; fileEncoding = 4; lastKnownFileType = sourcecode.swift; path = ViewController.swift; sourceTree = "<group>"; };
/* End PBXFileReference section */

/* Begin PBXFrameworksBuildPhase section */
		69F040FC21FAAAE600ED2058 /* Frameworks */ = {
			isa = PBXFrameworksBuildPhase;
			buildActionMask = 2147483647;
			files = (
			);
			runOnlyForDeploymentPostprocessing = 0;
		};
/* End PBXFrameworksBuildPhase section */

/* Begin PBXGroup section */
		69F040F621FAAAE600ED2058 = {
			isa = PBXGroup;
			children = (
				69F0410121FAAAE600ED2058 /* TabBarAutoHideShow */,
				69F0410021FAAAE600ED2058 /* Products */,
			);
			sourceTree = "<group>";
		};
		69F0410021FAAAE600ED2058 /* Products */ = {
			isa = PBXGroup;
			children = (
				69F040FF21FAAAE600ED2058 /* TabBarAutoHideShow.app */,
			);
			name = Products;
			sourceTree = "<group>";
		};
		69F0410121FAAAE600ED2058 /* TabBarAutoHideShow */ = {
			isa = PBXGroup;
			children = (
				69F0410221FAAAE600ED2058 /* AppDelegate.swift */,
				69F0411421FAAB4000ED2058 /* ViewController.swift */,
				69F0410621FAAAE600ED2058 /* Main.storyboard */,
				69F0410921FAAAE700ED2058 /* Assets.xcassets */,
				69F0410B21FAAAE700ED2058 /* LaunchScreen.storyboard */,
				69F0410E21FAAAE700ED2058 /* Info.plist */,
				699F489A22169E4C0005D41F /* demo.gif */,
			);
			path = TabBarAutoHideShow;
			sourceTree = "<group>";
		};
/* End PBXGroup section */

/* Begin PBXNativeTarget section */
		69F040FE21FAAAE600ED2058 /* TabBarAutoHideShow */ = {
			isa = PBXNativeTarget;
			buildConfigurationList = 69F0411121FAAAE700ED2058 /* Build configuration list for PBXNativeTarget "TabBarAutoHideShow" */;
			buildPhases = (
				69F040FB21FAAAE600ED2058 /* Sources */,
				69F040FC21FAAAE600ED2058 /* Frameworks */,
				69F040FD21FAAAE600ED2058 /* Resources */,
			);
			buildRules = (
			);
			dependencies = (
			);
			name = TabBarAutoHideShow;
			productName = TabBarAutoHideShow;
			productReference = 69F040FF21FAAAE600ED2058 /* TabBarAutoHideShow.app */;
			productType = "com.apple.product-type.application";
		};
/* End PBXNativeTarget section */

/* Begin PBXProject section */
		69F040F721FAAAE600ED2058 /* Project object */ = {
			isa = PBXProject;
			attributes = {
				LastSwiftUpdateCheck = 1010;
				LastUpgradeCheck = 1010;
				ORGANIZATIONNAME = "Shinvee Inc";
				TargetAttributes = {
					69F040FE21FAAAE600ED2058 = {
						CreatedOnToolsVersion = 10.1;
					};
				};
			};
			buildConfigurationList = 69F040FA21FAAAE600ED2058 /* Build configuration list for PBXProject "TabBarAutoHideShow" */;
			compatibilityVersion = "Xcode 9.3";
			developmentRegion = en;
			hasScannedForEncodings = 0;
			knownRegions = (
				en,
				Base,
			);
			mainGroup = 69F040F621FAAAE600ED2058;
			productRefGroup = 69F0410021FAAAE600ED2058 /* Products */;
			projectDirPath = "";
			projectRoot = "";
			targets = (
				69F040FE21FAAAE600ED2058 /* TabBarAutoHideShow */,
			);
		};
/* End PBXProject section */

/* Begin PBXResourcesBuildPhase section */
		69F040FD21FAAAE600ED2058 /* Resources */ = {
			isa = PBXResourcesBuildPhase;
			buildActionMask = 2147483647;
			files = (
				69F0410D21FAAAE700ED2058 /* LaunchScreen.storyboard in Resources */,
				699F489B22169E4C0005D41F /* demo.gif in Resources */,
				69F0410A21FAAAE700ED2058 /* Assets.xcassets in Resources */,
				69F0410821FAAAE600ED2058 /* Main.storyboard in Resources */,
			);
			runOnlyForDeploymentPostprocessing = 0;
		};
/* End PBXResourcesBuildPhase section */

/* Begin PBXSourcesBuildPhase section */
		69F040FB21FAAAE600ED2058 /* Sources */ = {
			isa = PBXSourcesBuildPhase;
			buildActionMask = 2147483647;
			files = (
				69F0411521FAAB4000ED2058 /* ViewController.swift in Sources */,
				69F0410321FAAAE600ED2058 /* AppDelegate.swift in Sources */,
			);
			runOnlyForDeploymentPostprocessing = 0;
		};
/* End PBXSourcesBuildPhase section */

/* Begin PBXVariantGroup section */
		69F0410621FAAAE600ED2058 /* Main.storyboard */ = {
			isa = PBXVariantGroup;
			children = (
				69F0410721FAAAE600ED2058 /* Base */,
			);
			name = Main.storyboard;
			sourceTree = "<group>";
		};
		69F0410B21FAAAE700ED2058 /* LaunchScreen.storyboard */ = {
			isa = PBXVariantGroup;
			children = (
				69F0410C21FAAAE700ED2058 /* Base */,
			);
			name = LaunchScreen.storyboard;
			sourceTree = "<group>";
		};
/* End PBXVariantGroup section */

/* Begin XCBuildConfiguration section */
		69F0410F21FAAAE700ED2058 /* Debug */ = {
			isa = XCBuildConfiguration;
			buildSettings = {
				ALWAYS_SEARCH_USER_PATHS = NO;
				CLANG_ANALYZER_NONNULL = YES;
				CLANG_ANALYZER_NUMBER_OBJECT_CONVERSION = YES_AGGRESSIVE;
				CLANG_CXX_LANGUAGE_STANDARD = "gnu++14";
				CLANG_CXX_LIBRARY = "libc++";
				CLANG_ENABLE_MODULES = YES;
				CLANG_ENABLE_OBJC_ARC = YES;
				CLANG_ENABLE_OBJC_WEAK = YES;
				CLANG_WARN_BLOCK_CAPTURE_AUTORELEASING = YES;
				CLANG_WARN_BOOL_CONVERSION = YES;
				CLANG_WARN_COMMA = YES;
				CLANG_WARN_CONSTANT_CONVERSION = YES;
				CLANG_WARN_DEPRECATED_OBJC_IMPLEMENTATIONS = YES;
				CLANG_WARN_DIRECT_OBJC_ISA_USAGE = YES_ERROR;
				CLANG_WARN_DOCUMENTATION_COMMENTS = YES;
				CLANG_WARN_EMPTY_BODY = YES;
				CLANG_WARN_ENUM_CONVERSION = YES;
				CLANG_WARN_INFINITE_RECURSION = YES;
				CLANG_WARN_INT_CONVERSION = YES;
				CLANG_WARN_NON_LITERAL_NULL_CONVERSION = YES;
				CLANG_WARN_OBJC_IMPLICIT_RETAIN_SELF = YES;
				CLANG_WARN_OBJC_LITERAL_CONVERSION = YES;
				CLANG_WARN_OBJC_ROOT_CLASS = YES_ERROR;
				CLANG_WARN_RANGE_LOOP_ANALYSIS = YES;
				CLANG_WARN_STRICT_PROTOTYPES = YES;
				CLANG_WARN_SUSPICIOUS_MOVE = YES;
				CLANG_WARN_UNGUARDED_AVAILABILITY = YES_AGGRESSIVE;
				CLANG_WARN_UNREACHABLE_CODE = YES;
				CLANG_WARN__DUPLICATE_METHOD_MATCH = YES;
				CODE_SIGN_IDENTITY = "iPhone Developer";
				COPY_PHASE_STRIP = NO;
				DEBUG_INFORMATION_FORMAT = dwarf;
				ENABLE_STRICT_OBJC_MSGSEND = YES;
				ENABLE_TESTABILITY = YES;
				GCC_C_LANGUAGE_STANDARD = gnu11;
				GCC_DYNAMIC_NO_PIC = NO;
				GCC_NO_COMMON_BLOCKS = YES;
				GCC_OPTIMIZATION_LEVEL = 0;
				GCC_PREPROCESSOR_DEFINITIONS = (
					"DEBUG=1",
					"$(inherited)",
				);
				GCC_WARN_64_TO_32_BIT_CONVERSION = YES;
				GCC_WARN_ABOUT_RETURN_TYPE = YES_ERROR;
				GCC_WARN_UNDECLARED_SELECTOR = YES;
				GCC_WARN_UNINITIALIZED_AUTOS = YES_AGGRESSIVE;
				GCC_WARN_UNUSED_FUNCTION = YES;
				GCC_WARN_UNUSED_VARIABLE = YES;
				IPHONEOS_DEPLOYMENT_TARGET = 12.1;
				MTL_ENABLE_DEBUG_INFO = INCLUDE_SOURCE;
				MTL_FAST_MATH = YES;
				ONLY_ACTIVE_ARCH = YES;
				SDKROOT = iphoneos;
				SWIFT_ACTIVE_COMPILATION_CONDITIONS = DEBUG;
				SWIFT_OPTIMIZATION_LEVEL = "-Onone";
			};
			name = Debug;
		};
		69F0411021FAAAE700ED2058 /* Release */ = {
			isa = XCBuildConfiguration;
			buildSettings = {
				ALWAYS_SEARCH_USER_PATHS = NO;
				CLANG_ANALYZER_NONNULL = YES;
				CLANG_ANALYZER_NUMBER_OBJECT_CONVERSION = YES_AGGRESSIVE;
				CLANG_CXX_LANGUAGE_STANDARD = "gnu++14";
				CLANG_CXX_LIBRARY = "libc++";
				CLANG_ENABLE_MODULES = YES;
				CLANG_ENABLE_OBJC_ARC = YES;
				CLANG_ENABLE_OBJC_WEAK = YES;
				CLANG_WARN_BLOCK_CAPTURE_AUTORELEASING = YES;
				CLANG_WARN_BOOL_CONVERSION = YES;
				CLANG_WARN_COMMA = YES;
				CLANG_WARN_CONSTANT_CONVERSION = YES;
				CLANG_WARN_DEPRECATED_OBJC_IMPLEMENTATIONS = YES;
				CLANG_WARN_DIRECT_OBJC_ISA_USAGE = YES_ERROR;
				CLANG_WARN_DOCUMENTATION_COMMENTS = YES;
				CLANG_WARN_EMPTY_BODY = YES;
				CLANG_WARN_ENUM_CONVERSION = YES;
				CLANG_WARN_INFINITE_RECURSION = YES;
				CLANG_WARN_INT_CONVERSION = YES;
				CLANG_WARN_NON_LITERAL_NULL_CONVERSION = YES;
				CLANG_WARN_OBJC_IMPLICIT_RETAIN_SELF = YES;
				CLANG_WARN_OBJC_LITERAL_CONVERSION = YES;
				CLANG_WARN_OBJC_ROOT_CLASS = YES_ERROR;
				CLANG_WARN_RANGE_LOOP_ANALYSIS = YES;
				CLANG_WARN_STRICT_PROTOTYPES = YES;
				CLANG_WARN_SUSPICIOUS_MOVE = YES;
				CLANG_WARN_UNGUARDED_AVAILABILITY = YES_AGGRESSIVE;
				CLANG_WARN_UNREACHABLE_CODE = YES;
				CLANG_WARN__DUPLICATE_METHOD_MATCH = YES;
				CODE_SIGN_IDENTITY = "iPhone Developer";
				COPY_PHASE_STRIP = NO;
				DEBUG_INFORMATION_FORMAT = "dwarf-with-dsym";
				ENABLE_NS_ASSERTIONS = NO;
				ENABLE_STRICT_OBJC_MSGSEND = YES;
				GCC_C_LANGUAGE_STANDARD = gnu11;
				GCC_NO_COMMON_BLOCKS = YES;
				GCC_WARN_64_TO_32_BIT_CONVERSION = YES;
				GCC_WARN_ABOUT_RETURN_TYPE = YES_ERROR;
				GCC_WARN_UNDECLARED_SELECTOR = YES;
				GCC_WARN_UNINITIALIZED_AUTOS = YES_AGGRESSIVE;
				GCC_WARN_UNUSED_FUNCTION = YES;
				GCC_WARN_UNUSED_VARIABLE = YES;
				IPHONEOS_DEPLOYMENT_TARGET = 12.1;
				MTL_ENABLE_DEBUG_INFO = NO;
				MTL_FAST_MATH = YES;
				SDKROOT = iphoneos;
				SWIFT_COMPILATION_MODE = wholemodule;
				SWIFT_OPTIMIZATION_LEVEL = "-O";
				VALIDATE_PRODUCT = YES;
			};
			name = Release;
		};
		69F0411221FAAAE700ED2058 /* Debug */ = {
			isa = XCBuildConfiguration;
			buildSettings = {
				ASSETCATALOG_COMPILER_APPICON_NAME = AppIcon;
				CODE_SIGN_STYLE = Automatic;
				DEVELOPMENT_TEAM = 2UXRZVALXF;
				INFOPLIST_FILE = TabBarAutoHideShow/Info.plist;
				IPHONEOS_DEPLOYMENT_TARGET = 10.0;
				LD_RUNPATH_SEARCH_PATHS = (
					"$(inherited)",
					"@executable_path/Frameworks",
				);
				PRODUCT_BUNDLE_IDENTIFIER = com.shinvee.TabBarAutoHideShow;
				PRODUCT_NAME = "$(TARGET_NAME)";
				SWIFT_VERSION = 4.2;
				TARGETED_DEVICE_FAMILY = "1,2";
			};
			name = Debug;
		};
		69F0411321FAAAE700ED2058 /* Release */ = {
			isa = XCBuildConfiguration;
			buildSettings = {
				ASSETCATALOG_COMPILER_APPICON_NAME = AppIcon;
				CODE_SIGN_STYLE = Automatic;
				DEVELOPMENT_TEAM = 2UXRZVALXF;
				INFOPLIST_FILE = TabBarAutoHideShow/Info.plist;
				IPHONEOS_DEPLOYMENT_TARGET = 10.0;
				LD_RUNPATH_SEARCH_PATHS = (
					"$(inherited)",
					"@executable_path/Frameworks",
				);
				PRODUCT_BUNDLE_IDENTIFIER = com.shinvee.TabBarAutoHideShow;
				PRODUCT_NAME = "$(TARGET_NAME)";
				SWIFT_VERSION = 4.2;
				TARGETED_DEVICE_FAMILY = "1,2";
			};
			name = Release;
		};
/* End XCBuildConfiguration section */

/* Begin XCConfigurationList section */
		69F040FA21FAAAE600ED2058 /* Build configuration list for PBXProject "TabBarAutoHideShow" */ = {
			isa = XCConfigurationList;
			buildConfigurations = (
				69F0410F21FAAAE700ED2058 /* Debug */,
				69F0411021FAAAE700ED2058 /* Release */,
			);
			defaultConfigurationIsVisible = 0;
			defaultConfigurationName = Release;
		};
		69F0411121FAAAE700ED2058 /* Build configuration list for PBXNativeTarget "TabBarAutoHideShow" */ = {
			isa = XCConfigurationList;
			buildConfigurations = (
				69F0411221FAAAE700ED2058 /* Debug */,
				69F0411321FAAAE700ED2058 /* Release */,
			);
			defaultConfigurationIsVisible = 0;
			defaultConfigurationName = Release;
		};
/* End XCConfigurationList section */
	};
	rootObject = 69F040F721FAAAE600ED2058 /* Project object */;
}
